// !$*UTF8*$!
{
	archiveVersion = 1;
	classes = {
	};
	objectVersion = 50;
	objects = {

/* Begin PBXBuildFile section */
		983EEF9C240560BC009C74AC /* AppDelegate.swift in Sources */ = {isa = PBXBuildFile; fileRef = 983EEF9B240560BC009C74AC /* AppDelegate.swift */; };
		983EEF9E240560BC009C74AC /* SceneDelegate.swift in Sources */ = {isa = PBXBuildFile; fileRef = 983EEF9D240560BC009C74AC /* SceneDelegate.swift */; };
		983EEFA5240560BF009C74AC /* Assets.xcassets in Resources */ = {isa = PBXBuildFile; fileRef = 983EEFA4240560BF009C74AC /* Assets.xcassets */; };
		983EEFA8240560BF009C74AC /* LaunchScreen.storyboard in Resources */ = {isa = PBXBuildFile; fileRef = 983EEFA6240560BF009C74AC /* LaunchScreen.storyboard */; };
		983EEFCC24056209009C74AC /* Main.storyboard in Resources */ = {isa = PBXBuildFile; fileRef = 983EEFCB24056209009C74AC /* Main.storyboard */; };
		983EEFE12405621A009C74AC /* BlueViewController.swift in Sources */ = {isa = PBXBuildFile; fileRef = 983EEFCE24056219009C74AC /* BlueViewController.swift */; };
		983EEFE22405621A009C74AC /* YellowViewControllerProtocol.swift in Sources */ = {isa = PBXBuildFile; fileRef = 983EEFCF24056219009C74AC /* YellowViewControllerProtocol.swift */; };
		983EEFE32405621A009C74AC /* YellowViewController.swift in Sources */ = {isa = PBXBuildFile; fileRef = 983EEFD024056219009C74AC /* YellowViewController.swift */; };
		983EEFE42405621A009C74AC /* MockYellowViewController.swift in Sources */ = {isa = PBXBuildFile; fileRef = 983EEFD124056219009C74AC /* MockYellowViewController.swift */; };
		983EEFE52405621A009C74AC /* YellowScreenViewModel.swift in Sources */ = {isa = PBXBuildFile; fileRef = 983EEFD324056219009C74AC /* YellowScreenViewModel.swift */; };
		983EEFE62405621A009C74AC /* YellowScreenViewModelProtocol.swift in Sources */ = {isa = PBXBuildFile; fileRef = 983EEFD424056219009C74AC /* YellowScreenViewModelProtocol.swift */; };
		983EEFE72405621A009C74AC /* AppCoordinator.swift in Sources */ = {isa = PBXBuildFile; fileRef = 983EEFD62405621A009C74AC /* AppCoordinator.swift */; };
		983EEFE82405621A009C74AC /* MockAppCoordinator.swift in Sources */ = {isa = PBXBuildFile; fileRef = 983EEFD72405621A009C74AC /* MockAppCoordinator.swift */; };
		983EEFE92405621A009C74AC /* AppCoordinatorProtocol.swift in Sources */ = {isa = PBXBuildFile; fileRef = 983EEFD82405621A009C74AC /* AppCoordinatorProtocol.swift */; };
		983EEFEA2405621A009C74AC /* VCFactoryProtocol.swift in Sources */ = {isa = PBXBuildFile; fileRef = 983EEFDA2405621A009C74AC /* VCFactoryProtocol.swift */; };
		983EEFEB2405621A009C74AC /* VCFactory.swift in Sources */ = {isa = PBXBuildFile; fileRef = 983EEFDB2405621A009C74AC /* VCFactory.swift */; };
		983EEFEC2405621A009C74AC /* MockVCFactory.swift in Sources */ = {isa = PBXBuildFile; fileRef = 983EEFDC2405621A009C74AC /* MockVCFactory.swift */; };
		983EEFED2405621A009C74AC /* VMFactoryProtocol.swift in Sources */ = {isa = PBXBuildFile; fileRef = 983EEFDE2405621A009C74AC /* VMFactoryProtocol.swift */; };
		983EEFEE2405621A009C74AC /* MockVMFactory.swift in Sources */ = {isa = PBXBuildFile; fileRef = 983EEFDF2405621A009C74AC /* MockVMFactory.swift */; };
		983EEFEF2405621A009C74AC /* VMFactory.swift in Sources */ = {isa = PBXBuildFile; fileRef = 983EEFE02405621A009C74AC /* VMFactory.swift */; };
		983EEFF12405624C009C74AC /* AppLauncher.swift in Sources */ = {isa = PBXBuildFile; fileRef = 983EEFF02405624C009C74AC /* AppLauncher.swift */; };
		983EEFF62405626E009C74AC /* VCFactory_Tests.swift in Sources */ = {isa = PBXBuildFile; fileRef = 983EEFF22405626D009C74AC /* VCFactory_Tests.swift */; };
		983EEFF72405626E009C74AC /* YellowScreenViewModel_Tests.swift in Sources */ = {isa = PBXBuildFile; fileRef = 983EEFF32405626D009C74AC /* YellowScreenViewModel_Tests.swift */; };
		983EEFF82405626E009C74AC /* VMFactory_Tests.swift in Sources */ = {isa = PBXBuildFile; fileRef = 983EEFF42405626D009C74AC /* VMFactory_Tests.swift */; };
		983EEFF92405626E009C74AC /* AppCoordinator_Tests.swift in Sources */ = {isa = PBXBuildFile; fileRef = 983EEFF52405626E009C74AC /* AppCoordinator_Tests.swift */; };
		983EEFFB24056297009C74AC /* TDD_CoordinatorsUITests.swift in Sources */ = {isa = PBXBuildFile; fileRef = 983EEFFA24056297009C74AC /* TDD_CoordinatorsUITests.swift */; };
		983EF003240562E5009C74AC /* TestingAppDelegateTests.swift in Sources */ = {isa = PBXBuildFile; fileRef = 983EF002240562E5009C74AC /* TestingAppDelegateTests.swift */; };
		983EF00A2405632D009C74AC /* AppCoordinator.swift in Sources */ = {isa = PBXBuildFile; fileRef = 983EEFD62405621A009C74AC /* AppCoordinator.swift */; };
		983EF00B2405632E009C74AC /* AppCoordinator.swift in Sources */ = {isa = PBXBuildFile; fileRef = 983EEFD62405621A009C74AC /* AppCoordinator.swift */; };
		983EF00C2405632F009C74AC /* AppCoordinator.swift in Sources */ = {isa = PBXBuildFile; fileRef = 983EEFD62405621A009C74AC /* AppCoordinator.swift */; };
		983EF00D24056332009C74AC /* MockAppCoordinator.swift in Sources */ = {isa = PBXBuildFile; fileRef = 983EEFD72405621A009C74AC /* MockAppCoordinator.swift */; };
		983EF00E24056334009C74AC /* MockAppCoordinator.swift in Sources */ = {isa = PBXBuildFile; fileRef = 983EEFD72405621A009C74AC /* MockAppCoordinator.swift */; };
		983EF00F24056334009C74AC /* MockAppCoordinator.swift in Sources */ = {isa = PBXBuildFile; fileRef = 983EEFD72405621A009C74AC /* MockAppCoordinator.swift */; };
		983EF01024056337009C74AC /* AppCoordinatorProtocol.swift in Sources */ = {isa = PBXBuildFile; fileRef = 983EEFD82405621A009C74AC /* AppCoordinatorProtocol.swift */; };
		983EF01124056339009C74AC /* AppCoordinatorProtocol.swift in Sources */ = {isa = PBXBuildFile; fileRef = 983EEFD82405621A009C74AC /* AppCoordinatorProtocol.swift */; };
		983EF0122405633A009C74AC /* AppCoordinatorProtocol.swift in Sources */ = {isa = PBXBuildFile; fileRef = 983EEFD82405621A009C74AC /* AppCoordinatorProtocol.swift */; };
		983EF01324056349009C74AC /* VCFactoryProtocol.swift in Sources */ = {isa = PBXBuildFile; fileRef = 983EEFDA2405621A009C74AC /* VCFactoryProtocol.swift */; };
		983EF01424056349009C74AC /* VCFactoryProtocol.swift in Sources */ = {isa = PBXBuildFile; fileRef = 983EEFDA2405621A009C74AC /* VCFactoryProtocol.swift */; };
		983EF0152405634A009C74AC /* VCFactoryProtocol.swift in Sources */ = {isa = PBXBuildFile; fileRef = 983EEFDA2405621A009C74AC /* VCFactoryProtocol.swift */; };
		983EF01624056350009C74AC /* VCFactory.swift in Sources */ = {isa = PBXBuildFile; fileRef = 983EEFDB2405621A009C74AC /* VCFactory.swift */; };
		983EF01724056351009C74AC /* VCFactory.swift in Sources */ = {isa = PBXBuildFile; fileRef = 983EEFDB2405621A009C74AC /* VCFactory.swift */; };
		983EF01824056351009C74AC /* VCFactory.swift in Sources */ = {isa = PBXBuildFile; fileRef = 983EEFDB2405621A009C74AC /* VCFactory.swift */; };
		983EF01924056355009C74AC /* MockVCFactory.swift in Sources */ = {isa = PBXBuildFile; fileRef = 983EEFDC2405621A009C74AC /* MockVCFactory.swift */; };
		983EF01A24056356009C74AC /* MockVCFactory.swift in Sources */ = {isa = PBXBuildFile; fileRef = 983EEFDC2405621A009C74AC /* MockVCFactory.swift */; };
		983EF01B24056357009C74AC /* MockVCFactory.swift in Sources */ = {isa = PBXBuildFile; fileRef = 983EEFDC2405621A009C74AC /* MockVCFactory.swift */; };
		983EF01C2405635B009C74AC /* BlueViewController.swift in Sources */ = {isa = PBXBuildFile; fileRef = 983EEFCE24056219009C74AC /* BlueViewController.swift */; };
		983EF01D2405635B009C74AC /* BlueViewController.swift in Sources */ = {isa = PBXBuildFile; fileRef = 983EEFCE24056219009C74AC /* BlueViewController.swift */; };
		983EF01E2405635C009C74AC /* BlueViewController.swift in Sources */ = {isa = PBXBuildFile; fileRef = 983EEFCE24056219009C74AC /* BlueViewController.swift */; };
		983EF01F2405635F009C74AC /* YellowViewControllerProtocol.swift in Sources */ = {isa = PBXBuildFile; fileRef = 983EEFCF24056219009C74AC /* YellowViewControllerProtocol.swift */; };
		983EF0202405635F009C74AC /* YellowViewControllerProtocol.swift in Sources */ = {isa = PBXBuildFile; fileRef = 983EEFCF24056219009C74AC /* YellowViewControllerProtocol.swift */; };
		983EF02124056360009C74AC /* YellowViewControllerProtocol.swift in Sources */ = {isa = PBXBuildFile; fileRef = 983EEFCF24056219009C74AC /* YellowViewControllerProtocol.swift */; };
		983EF02224056363009C74AC /* YellowViewController.swift in Sources */ = {isa = PBXBuildFile; fileRef = 983EEFD024056219009C74AC /* YellowViewController.swift */; };
		983EF02324056364009C74AC /* YellowViewController.swift in Sources */ = {isa = PBXBuildFile; fileRef = 983EEFD024056219009C74AC /* YellowViewController.swift */; };
		983EF02424056364009C74AC /* YellowViewController.swift in Sources */ = {isa = PBXBuildFile; fileRef = 983EEFD024056219009C74AC /* YellowViewController.swift */; };
		983EF02524056367009C74AC /* MockYellowViewController.swift in Sources */ = {isa = PBXBuildFile; fileRef = 983EEFD124056219009C74AC /* MockYellowViewController.swift */; };
		983EF02624056368009C74AC /* MockYellowViewController.swift in Sources */ = {isa = PBXBuildFile; fileRef = 983EEFD124056219009C74AC /* MockYellowViewController.swift */; };
		983EF02724056369009C74AC /* MockYellowViewController.swift in Sources */ = {isa = PBXBuildFile; fileRef = 983EEFD124056219009C74AC /* MockYellowViewController.swift */; };
		983EF02824056375009C74AC /* YellowScreenViewModel.swift in Sources */ = {isa = PBXBuildFile; fileRef = 983EEFD324056219009C74AC /* YellowScreenViewModel.swift */; };
		983EF02924056376009C74AC /* YellowScreenViewModel.swift in Sources */ = {isa = PBXBuildFile; fileRef = 983EEFD324056219009C74AC /* YellowScreenViewModel.swift */; };
		983EF02A24056376009C74AC /* YellowScreenViewModel.swift in Sources */ = {isa = PBXBuildFile; fileRef = 983EEFD324056219009C74AC /* YellowScreenViewModel.swift */; };
		983EF02B2405637A009C74AC /* YellowScreenViewModelProtocol.swift in Sources */ = {isa = PBXBuildFile; fileRef = 983EEFD424056219009C74AC /* YellowScreenViewModelProtocol.swift */; };
		983EF02C2405637A009C74AC /* YellowScreenViewModelProtocol.swift in Sources */ = {isa = PBXBuildFile; fileRef = 983EEFD424056219009C74AC /* YellowScreenViewModelProtocol.swift */; };
		983EF02D2405637B009C74AC /* YellowScreenViewModelProtocol.swift in Sources */ = {isa = PBXBuildFile; fileRef = 983EEFD424056219009C74AC /* YellowScreenViewModelProtocol.swift */; };
		983EF02E24056380009C74AC /* VMFactoryProtocol.swift in Sources */ = {isa = PBXBuildFile; fileRef = 983EEFDE2405621A009C74AC /* VMFactoryProtocol.swift */; };
		983EF02F24056380009C74AC /* VMFactoryProtocol.swift in Sources */ = {isa = PBXBuildFile; fileRef = 983EEFDE2405621A009C74AC /* VMFactoryProtocol.swift */; };
		983EF03024056381009C74AC /* VMFactoryProtocol.swift in Sources */ = {isa = PBXBuildFile; fileRef = 983EEFDE2405621A009C74AC /* VMFactoryProtocol.swift */; };
		983EF03124056384009C74AC /* MockVMFactory.swift in Sources */ = {isa = PBXBuildFile; fileRef = 983EEFDF2405621A009C74AC /* MockVMFactory.swift */; };
		983EF03224056385009C74AC /* MockVMFactory.swift in Sources */ = {isa = PBXBuildFile; fileRef = 983EEFDF2405621A009C74AC /* MockVMFactory.swift */; };
		983EF03324056385009C74AC /* MockVMFactory.swift in Sources */ = {isa = PBXBuildFile; fileRef = 983EEFDF2405621A009C74AC /* MockVMFactory.swift */; };
		983EF03424056389009C74AC /* VMFactory.swift in Sources */ = {isa = PBXBuildFile; fileRef = 983EEFE02405621A009C74AC /* VMFactory.swift */; };
		983EF0352405638A009C74AC /* VMFactory.swift in Sources */ = {isa = PBXBuildFile; fileRef = 983EEFE02405621A009C74AC /* VMFactory.swift */; };
		983EF0362405638A009C74AC /* VMFactory.swift in Sources */ = {isa = PBXBuildFile; fileRef = 983EEFE02405621A009C74AC /* VMFactory.swift */; };
		983EF037240563AB009C74AC /* AppLauncher.swift in Sources */ = {isa = PBXBuildFile; fileRef = 983EEFF02405624C009C74AC /* AppLauncher.swift */; };
		983EF038240563AB009C74AC /* AppLauncher.swift in Sources */ = {isa = PBXBuildFile; fileRef = 983EEFF02405624C009C74AC /* AppLauncher.swift */; };
		983EF039240563AC009C74AC /* AppLauncher.swift in Sources */ = {isa = PBXBuildFile; fileRef = 983EEFF02405624C009C74AC /* AppLauncher.swift */; };
		983EF03B240565F6009C74AC /* Main.storyboard in Resources */ = {isa = PBXBuildFile; fileRef = 983EEFCB24056209009C74AC /* Main.storyboard */; };
		983EF03C240565F7009C74AC /* Main.storyboard in Resources */ = {isa = PBXBuildFile; fileRef = 983EEFCB24056209009C74AC /* Main.storyboard */; };
		983EF03D240565F7009C74AC /* Main.storyboard in Resources */ = {isa = PBXBuildFile; fileRef = 983EEFCB24056209009C74AC /* Main.storyboard */; };
/* End PBXBuildFile section */

/* Begin PBXContainerItemProxy section */
		983EEFAF240560BF009C74AC /* PBXContainerItemProxy */ = {
			isa = PBXContainerItemProxy;
			containerPortal = 983EEF90240560BC009C74AC /* Project object */;
			proxyType = 1;
			remoteGlobalIDString = 983EEF97240560BC009C74AC;
			remoteInfo = TDD_Coordinators_TestingAppDelegate;
		};
		983EEFBA240560BF009C74AC /* PBXContainerItemProxy */ = {
			isa = PBXContainerItemProxy;
			containerPortal = 983EEF90240560BC009C74AC /* Project object */;
			proxyType = 1;
			remoteGlobalIDString = 983EEF97240560BC009C74AC;
			remoteInfo = TDD_Coordinators_TestingAppDelegate;
		};
		983EF005240562E5009C74AC /* PBXContainerItemProxy */ = {
			isa = PBXContainerItemProxy;
			containerPortal = 983EEF90240560BC009C74AC /* Project object */;
			proxyType = 1;
			remoteGlobalIDString = 983EEF97240560BC009C74AC;
			remoteInfo = TDD_Coordinators_TestingAppDelegate;
		};
/* End PBXContainerItemProxy section */

/* Begin PBXFileReference section */
		983EEF98240560BC009C74AC /* TDD_Coordinators_TestingAppDelegate.app */ = {isa = PBXFileReference; explicitFileType = wrapper.application; includeInIndex = 0; path = TDD_Coordinators_TestingAppDelegate.app; sourceTree = BUILT_PRODUCTS_DIR; };
		983EEF9B240560BC009C74AC /* AppDelegate.swift */ = {isa = PBXFileReference; lastKnownFileType = sourcecode.swift; path = AppDelegate.swift; sourceTree = "<group>"; };
		983EEF9D240560BC009C74AC /* SceneDelegate.swift */ = {isa = PBXFileReference; lastKnownFileType = sourcecode.swift; path = SceneDelegate.swift; sourceTree = "<group>"; };
		983EEFA4240560BF009C74AC /* Assets.xcassets */ = {isa = PBXFileReference; lastKnownFileType = folder.assetcatalog; path = Assets.xcassets; sourceTree = "<group>"; };
		983EEFA7240560BF009C74AC /* Base */ = {isa = PBXFileReference; lastKnownFileType = file.storyboard; name = Base; path = Base.lproj/LaunchScreen.storyboard; sourceTree = "<group>"; };
		983EEFA9240560BF009C74AC /* Info.plist */ = {isa = PBXFileReference; lastKnownFileType = text.plist.xml; path = Info.plist; sourceTree = "<group>"; };
		983EEFAE240560BF009C74AC /* TDD_Coordinators_TestingAppDelegateTests.xctest */ = {isa = PBXFileReference; explicitFileType = wrapper.cfbundle; includeInIndex = 0; path = TDD_Coordinators_TestingAppDelegateTests.xctest; sourceTree = BUILT_PRODUCTS_DIR; };
		983EEFB4240560BF009C74AC /* Info.plist */ = {isa = PBXFileReference; lastKnownFileType = text.plist.xml; path = Info.plist; sourceTree = "<group>"; };
		983EEFB9240560BF009C74AC /* TDD_Coordinators_TestingAppDelegateUITests.xctest */ = {isa = PBXFileReference; explicitFileType = wrapper.cfbundle; includeInIndex = 0; path = TDD_Coordinators_TestingAppDelegateUITests.xctest; sourceTree = BUILT_PRODUCTS_DIR; };
		983EEFBF240560BF009C74AC /* Info.plist */ = {isa = PBXFileReference; lastKnownFileType = text.plist.xml; path = Info.plist; sourceTree = "<group>"; };
		983EEFCB24056209009C74AC /* Main.storyboard */ = {isa = PBXFileReference; fileEncoding = 4; lastKnownFileType = file.storyboard; path = Main.storyboard; sourceTree = "<group>"; };
		983EEFCE24056219009C74AC /* BlueViewController.swift */ = {isa = PBXFileReference; fileEncoding = 4; lastKnownFileType = sourcecode.swift; path = BlueViewController.swift; sourceTree = "<group>"; };
		983EEFCF24056219009C74AC /* YellowViewControllerProtocol.swift */ = {isa = PBXFileReference; fileEncoding = 4; lastKnownFileType = sourcecode.swift; path = YellowViewControllerProtocol.swift; sourceTree = "<group>"; };
		983EEFD024056219009C74AC /* YellowViewController.swift */ = {isa = PBXFileReference; fileEncoding = 4; lastKnownFileType = sourcecode.swift; path = YellowViewController.swift; sourceTree = "<group>"; };
		983EEFD124056219009C74AC /* MockYellowViewController.swift */ = {isa = PBXFileReference; fileEncoding = 4; lastKnownFileType = sourcecode.swift; path = MockYellowViewController.swift; sourceTree = "<group>"; };
		983EEFD324056219009C74AC /* YellowScreenViewModel.swift */ = {isa = PBXFileReference; fileEncoding = 4; lastKnownFileType = sourcecode.swift; path = YellowScreenViewModel.swift; sourceTree = "<group>"; };
		983EEFD424056219009C74AC /* YellowScreenViewModelProtocol.swift */ = {isa = PBXFileReference; fileEncoding = 4; lastKnownFileType = sourcecode.swift; path = YellowScreenViewModelProtocol.swift; sourceTree = "<group>"; };
		983EEFD62405621A009C74AC /* AppCoordinator.swift */ = {isa = PBXFileReference; fileEncoding = 4; lastKnownFileType = sourcecode.swift; path = AppCoordinator.swift; sourceTree = "<group>"; };
		983EEFD72405621A009C74AC /* MockAppCoordinator.swift */ = {isa = PBXFileReference; fileEncoding = 4; lastKnownFileType = sourcecode.swift; path = MockAppCoordinator.swift; sourceTree = "<group>"; };
		983EEFD82405621A009C74AC /* AppCoordinatorProtocol.swift */ = {isa = PBXFileReference; fileEncoding = 4; lastKnownFileType = sourcecode.swift; path = AppCoordinatorProtocol.swift; sourceTree = "<group>"; };
		983EEFDA2405621A009C74AC /* VCFactoryProtocol.swift */ = {isa = PBXFileReference; fileEncoding = 4; lastKnownFileType = sourcecode.swift; path = VCFactoryProtocol.swift; sourceTree = "<group>"; };
		983EEFDB2405621A009C74AC /* VCFactory.swift */ = {isa = PBXFileReference; fileEncoding = 4; lastKnownFileType = sourcecode.swift; path = VCFactory.swift; sourceTree = "<group>"; };
		983EEFDC2405621A009C74AC /* MockVCFactory.swift */ = {isa = PBXFileReference; fileEncoding = 4; lastKnownFileType = sourcecode.swift; path = MockVCFactory.swift; sourceTree = "<group>"; };
		983EEFDE2405621A009C74AC /* VMFactoryProtocol.swift */ = {isa = PBXFileReference; fileEncoding = 4; lastKnownFileType = sourcecode.swift; path = VMFactoryProtocol.swift; sourceTree = "<group>"; };
		983EEFDF2405621A009C74AC /* MockVMFactory.swift */ = {isa = PBXFileReference; fileEncoding = 4; lastKnownFileType = sourcecode.swift; path = MockVMFactory.swift; sourceTree = "<group>"; };
		983EEFE02405621A009C74AC /* VMFactory.swift */ = {isa = PBXFileReference; fileEncoding = 4; lastKnownFileType = sourcecode.swift; path = VMFactory.swift; sourceTree = "<group>"; };
		983EEFF02405624C009C74AC /* AppLauncher.swift */ = {isa = PBXFileReference; fileEncoding = 4; lastKnownFileType = sourcecode.swift; path = AppLauncher.swift; sourceTree = "<group>"; };
		983EEFF22405626D009C74AC /* VCFactory_Tests.swift */ = {isa = PBXFileReference; fileEncoding = 4; lastKnownFileType = sourcecode.swift; path = VCFactory_Tests.swift; sourceTree = "<group>"; };
		983EEFF32405626D009C74AC /* YellowScreenViewModel_Tests.swift */ = {isa = PBXFileReference; fileEncoding = 4; lastKnownFileType = sourcecode.swift; path = YellowScreenViewModel_Tests.swift; sourceTree = "<group>"; };
		983EEFF42405626D009C74AC /* VMFactory_Tests.swift */ = {isa = PBXFileReference; fileEncoding = 4; lastKnownFileType = sourcecode.swift; path = VMFactory_Tests.swift; sourceTree = "<group>"; };
		983EEFF52405626E009C74AC /* AppCoordinator_Tests.swift */ = {isa = PBXFileReference; fileEncoding = 4; lastKnownFileType = sourcecode.swift; path = AppCoordinator_Tests.swift; sourceTree = "<group>"; };
		983EEFFA24056297009C74AC /* TDD_CoordinatorsUITests.swift */ = {isa = PBXFileReference; fileEncoding = 4; lastKnownFileType = sourcecode.swift; path = TDD_CoordinatorsUITests.swift; sourceTree = "<group>"; };
		983EF000240562E5009C74AC /* TestingAppDelegateTests.xctest */ = {isa = PBXFileReference; explicitFileType = wrapper.cfbundle; includeInIndex = 0; path = TestingAppDelegateTests.xctest; sourceTree = BUILT_PRODUCTS_DIR; };
		983EF002240562E5009C74AC /* TestingAppDelegateTests.swift */ = {isa = PBXFileReference; lastKnownFileType = sourcecode.swift; path = TestingAppDelegateTests.swift; sourceTree = "<group>"; };
		983EF004240562E5009C74AC /* Info.plist */ = {isa = PBXFileReference; lastKnownFileType = text.plist.xml; path = Info.plist; sourceTree = "<group>"; };
/* End PBXFileReference section */

/* Begin PBXFrameworksBuildPhase section */
		983EEF95240560BC009C74AC /* Frameworks */ = {
			isa = PBXFrameworksBuildPhase;
			buildActionMask = 2147483647;
			files = (
			);
			runOnlyForDeploymentPostprocessing = 0;
		};
		983EEFAB240560BF009C74AC /* Frameworks */ = {
			isa = PBXFrameworksBuildPhase;
			buildActionMask = 2147483647;
			files = (
			);
			runOnlyForDeploymentPostprocessing = 0;
		};
		983EEFB6240560BF009C74AC /* Frameworks */ = {
			isa = PBXFrameworksBuildPhase;
			buildActionMask = 2147483647;
			files = (
			);
			runOnlyForDeploymentPostprocessing = 0;
		};
		983EEFFD240562E5009C74AC /* Frameworks */ = {
			isa = PBXFrameworksBuildPhase;
			buildActionMask = 2147483647;
			files = (
			);
			runOnlyForDeploymentPostprocessing = 0;
		};
/* End PBXFrameworksBuildPhase section */

/* Begin PBXGroup section */
		983EEF8F240560BC009C74AC = {
			isa = PBXGroup;
			children = (
				983EEF9A240560BC009C74AC /* TDD_Coordinators_TestingAppDelegate */,
				983EEFB1240560BF009C74AC /* TDD_Coordinators_TestingAppDelegateTests */,
				983EEFBC240560BF009C74AC /* TDD_Coordinators_TestingAppDelegateUITests */,
				983EF001240562E5009C74AC /* TestingAppDelegateTests */,
				983EEF99240560BC009C74AC /* Products */,
			);
			sourceTree = "<group>";
		};
		983EEF99240560BC009C74AC /* Products */ = {
			isa = PBXGroup;
			children = (
				983EEF98240560BC009C74AC /* TDD_Coordinators_TestingAppDelegate.app */,
				983EEFAE240560BF009C74AC /* TDD_Coordinators_TestingAppDelegateTests.xctest */,
				983EEFB9240560BF009C74AC /* TDD_Coordinators_TestingAppDelegateUITests.xctest */,
				983EF000240562E5009C74AC /* TestingAppDelegateTests.xctest */,
			);
			name = Products;
			sourceTree = "<group>";
		};
		983EEF9A240560BC009C74AC /* TDD_Coordinators_TestingAppDelegate */ = {
			isa = PBXGroup;
			children = (
				983EEFD52405621A009C74AC /* Coordinators */,
				983EEFD92405621A009C74AC /* VCFactories */,
				983EEFCD24056219009C74AC /* ViewControllers */,
				983EEFD224056219009C74AC /* ViewModels */,
				983EEFDD2405621A009C74AC /* VMFactories */,
				983EEFCB24056209009C74AC /* Main.storyboard */,
				983EEFA6240560BF009C74AC /* LaunchScreen.storyboard */,
				983EEFF02405624C009C74AC /* AppLauncher.swift */,
				983EEF9B240560BC009C74AC /* AppDelegate.swift */,
				983EEF9D240560BC009C74AC /* SceneDelegate.swift */,
				983EEFA4240560BF009C74AC /* Assets.xcassets */,
				983EEFA9240560BF009C74AC /* Info.plist */,
			);
			path = TDD_Coordinators_TestingAppDelegate;
			sourceTree = "<group>";
		};
		983EEFB1240560BF009C74AC /* TDD_Coordinators_TestingAppDelegateTests */ = {
			isa = PBXGroup;
			children = (
				983EEFF52405626E009C74AC /* AppCoordinator_Tests.swift */,
				983EEFF22405626D009C74AC /* VCFactory_Tests.swift */,
				983EEFF42405626D009C74AC /* VMFactory_Tests.swift */,
				983EEFF32405626D009C74AC /* YellowScreenViewModel_Tests.swift */,
				983EEFB4240560BF009C74AC /* Info.plist */,
			);
			path = TDD_Coordinators_TestingAppDelegateTests;
			sourceTree = "<group>";
		};
		983EEFBC240560BF009C74AC /* TDD_Coordinators_TestingAppDelegateUITests */ = {
			isa = PBXGroup;
			children = (
				983EEFFA24056297009C74AC /* TDD_CoordinatorsUITests.swift */,
				983EEFBF240560BF009C74AC /* Info.plist */,
			);
			path = TDD_Coordinators_TestingAppDelegateUITests;
			sourceTree = "<group>";
		};
		983EEFCD24056219009C74AC /* ViewControllers */ = {
			isa = PBXGroup;
			children = (
				983EEFCE24056219009C74AC /* BlueViewController.swift */,
				983EEFCF24056219009C74AC /* YellowViewControllerProtocol.swift */,
				983EEFD024056219009C74AC /* YellowViewController.swift */,
				983EEFD124056219009C74AC /* MockYellowViewController.swift */,
			);
			path = ViewControllers;
			sourceTree = "<group>";
		};
		983EEFD224056219009C74AC /* ViewModels */ = {
			isa = PBXGroup;
			children = (
				983EEFD324056219009C74AC /* YellowScreenViewModel.swift */,
				983EEFD424056219009C74AC /* YellowScreenViewModelProtocol.swift */,
			);
			path = ViewModels;
			sourceTree = "<group>";
		};
		983EEFD52405621A009C74AC /* Coordinators */ = {
			isa = PBXGroup;
			children = (
				983EEFD62405621A009C74AC /* AppCoordinator.swift */,
				983EEFD72405621A009C74AC /* MockAppCoordinator.swift */,
				983EEFD82405621A009C74AC /* AppCoordinatorProtocol.swift */,
			);
			path = Coordinators;
			sourceTree = "<group>";
		};
		983EEFD92405621A009C74AC /* VCFactories */ = {
			isa = PBXGroup;
			children = (
				983EEFDA2405621A009C74AC /* VCFactoryProtocol.swift */,
				983EEFDB2405621A009C74AC /* VCFactory.swift */,
				983EEFDC2405621A009C74AC /* MockVCFactory.swift */,
			);
			path = VCFactories;
			sourceTree = "<group>";
		};
		983EEFDD2405621A009C74AC /* VMFactories */ = {
			isa = PBXGroup;
			children = (
				983EEFDE2405621A009C74AC /* VMFactoryProtocol.swift */,
				983EEFDF2405621A009C74AC /* MockVMFactory.swift */,
				983EEFE02405621A009C74AC /* VMFactory.swift */,
			);
			path = VMFactories;
			sourceTree = "<group>";
		};
		983EF001240562E5009C74AC /* TestingAppDelegateTests */ = {
			isa = PBXGroup;
			children = (
				983EF002240562E5009C74AC /* TestingAppDelegateTests.swift */,
				983EF004240562E5009C74AC /* Info.plist */,
			);
			path = TestingAppDelegateTests;
			sourceTree = "<group>";
		};
/* End PBXGroup section */

/* Begin PBXNativeTarget section */
		983EEF97240560BC009C74AC /* TDD_Coordinators_TestingAppDelegate */ = {
			isa = PBXNativeTarget;
			buildConfigurationList = 983EEFC2240560BF009C74AC /* Build configuration list for PBXNativeTarget "TDD_Coordinators_TestingAppDelegate" */;
			buildPhases = (
				983EEF94240560BC009C74AC /* Sources */,
				983EEF95240560BC009C74AC /* Frameworks */,
				983EEF96240560BC009C74AC /* Resources */,
			);
			buildRules = (
			);
			dependencies = (
			);
			name = TDD_Coordinators_TestingAppDelegate;
			productName = TDD_Coordinators_TestingAppDelegate;
			productReference = 983EEF98240560BC009C74AC /* TDD_Coordinators_TestingAppDelegate.app */;
			productType = "com.apple.product-type.application";
		};
		983EEFAD240560BF009C74AC /* TDD_Coordinators_TestingAppDelegateTests */ = {
			isa = PBXNativeTarget;
			buildConfigurationList = 983EEFC5240560BF009C74AC /* Build configuration list for PBXNativeTarget "TDD_Coordinators_TestingAppDelegateTests" */;
			buildPhases = (
				983EEFAA240560BF009C74AC /* Sources */,
				983EEFAB240560BF009C74AC /* Frameworks */,
				983EEFAC240560BF009C74AC /* Resources */,
			);
			buildRules = (
			);
			dependencies = (
				983EEFB0240560BF009C74AC /* PBXTargetDependency */,
			);
			name = TDD_Coordinators_TestingAppDelegateTests;
			productName = TDD_Coordinators_TestingAppDelegateTests;
			productReference = 983EEFAE240560BF009C74AC /* TDD_Coordinators_TestingAppDelegateTests.xctest */;
			productType = "com.apple.product-type.bundle.unit-test";
		};
		983EEFB8240560BF009C74AC /* TDD_Coordinators_TestingAppDelegateUITests */ = {
			isa = PBXNativeTarget;
			buildConfigurationList = 983EEFC8240560BF009C74AC /* Build configuration list for PBXNativeTarget "TDD_Coordinators_TestingAppDelegateUITests" */;
			buildPhases = (
				983EEFB5240560BF009C74AC /* Sources */,
				983EEFB6240560BF009C74AC /* Frameworks */,
				983EEFB7240560BF009C74AC /* Resources */,
			);
			buildRules = (
			);
			dependencies = (
				983EEFBB240560BF009C74AC /* PBXTargetDependency */,
			);
			name = TDD_Coordinators_TestingAppDelegateUITests;
			productName = TDD_Coordinators_TestingAppDelegateUITests;
			productReference = 983EEFB9240560BF009C74AC /* TDD_Coordinators_TestingAppDelegateUITests.xctest */;
			productType = "com.apple.product-type.bundle.ui-testing";
		};
		983EEFFF240562E5009C74AC /* TestingAppDelegateTests */ = {
			isa = PBXNativeTarget;
			buildConfigurationList = 983EF007240562E5009C74AC /* Build configuration list for PBXNativeTarget "TestingAppDelegateTests" */;
			buildPhases = (
				983EEFFC240562E5009C74AC /* Sources */,
				983EEFFD240562E5009C74AC /* Frameworks */,
				983EEFFE240562E5009C74AC /* Resources */,
			);
			buildRules = (
			);
			dependencies = (
				983EF006240562E5009C74AC /* PBXTargetDependency */,
			);
			name = TestingAppDelegateTests;
			productName = TestingAppDelegateTests;
			productReference = 983EF000240562E5009C74AC /* TestingAppDelegateTests.xctest */;
			productType = "com.apple.product-type.bundle.unit-test";
		};
/* End PBXNativeTarget section */

/* Begin PBXProject section */
		983EEF90240560BC009C74AC /* Project object */ = {
			isa = PBXProject;
			attributes = {
				LastSwiftUpdateCheck = 1120;
				LastUpgradeCheck = 1120;
				ORGANIZATIONNAME = "Emma Walker - TVandMobile Platforms - Core Engineering";
				TargetAttributes = {
					983EEF97240560BC009C74AC = {
						CreatedOnToolsVersion = 11.2.1;
					};
					983EEFAD240560BF009C74AC = {
						CreatedOnToolsVersion = 11.2.1;
						TestTargetID = 983EEF97240560BC009C74AC;
					};
					983EEFB8240560BF009C74AC = {
						CreatedOnToolsVersion = 11.2.1;
						TestTargetID = 983EEF97240560BC009C74AC;
					};
					983EEFFF240562E5009C74AC = {
						CreatedOnToolsVersion = 11.2.1;
						TestTargetID = 983EEF97240560BC009C74AC;
					};
				};
			};
			buildConfigurationList = 983EEF93240560BC009C74AC /* Build configuration list for PBXProject "TDD_Coordinators_TestingAppDelegate" */;
			compatibilityVersion = "Xcode 9.3";
			developmentRegion = en;
			hasScannedForEncodings = 0;
			knownRegions = (
				en,
				Base,
			);
			mainGroup = 983EEF8F240560BC009C74AC;
			productRefGroup = 983EEF99240560BC009C74AC /* Products */;
			projectDirPath = "";
			projectRoot = "";
			targets = (
				983EEF97240560BC009C74AC /* TDD_Coordinators_TestingAppDelegate */,
				983EEFAD240560BF009C74AC /* TDD_Coordinators_TestingAppDelegateTests */,
				983EEFB8240560BF009C74AC /* TDD_Coordinators_TestingAppDelegateUITests */,
				983EEFFF240562E5009C74AC /* TestingAppDelegateTests */,
			);
		};
/* End PBXProject section */

/* Begin PBXResourcesBuildPhase section */
		983EEF96240560BC009C74AC /* Resources */ = {
			isa = PBXResourcesBuildPhase;
			buildActionMask = 2147483647;
			files = (
				983EEFCC24056209009C74AC /* Main.storyboard in Resources */,
				983EEFA8240560BF009C74AC /* LaunchScreen.storyboard in Resources */,
				983EEFA5240560BF009C74AC /* Assets.xcassets in Resources */,
			);
			runOnlyForDeploymentPostprocessing = 0;
		};
		983EEFAC240560BF009C74AC /* Resources */ = {
			isa = PBXResourcesBuildPhase;
			buildActionMask = 2147483647;
			files = (
				983EF03B240565F6009C74AC /* Main.storyboard in Resources */,
			);
			runOnlyForDeploymentPostprocessing = 0;
		};
		983EEFB7240560BF009C74AC /* Resources */ = {
			isa = PBXResourcesBuildPhase;
			buildActionMask = 2147483647;
			files = (
				983EF03C240565F7009C74AC /* Main.storyboard in Resources */,
			);
			runOnlyForDeploymentPostprocessing = 0;
		};
		983EEFFE240562E5009C74AC /* Resources */ = {
			isa = PBXResourcesBuildPhase;
			buildActionMask = 2147483647;
			files = (
				983EF03D240565F7009C74AC /* Main.storyboard in Resources */,
			);
			runOnlyForDeploymentPostprocessing = 0;
		};
/* End PBXResourcesBuildPhase section */

/* Begin PBXSourcesBuildPhase section */
		983EEF94240560BC009C74AC /* Sources */ = {
			isa = PBXSourcesBuildPhase;
			buildActionMask = 2147483647;
			files = (
				983EEFE92405621A009C74AC /* AppCoordinatorProtocol.swift in Sources */,
				983EEFE62405621A009C74AC /* YellowScreenViewModelProtocol.swift in Sources */,
				983EEFE42405621A009C74AC /* MockYellowViewController.swift in Sources */,
				983EEFEE2405621A009C74AC /* MockVMFactory.swift in Sources */,
				983EEFED2405621A009C74AC /* VMFactoryProtocol.swift in Sources */,
				983EEFEF2405621A009C74AC /* VMFactory.swift in Sources */,
				983EEFE52405621A009C74AC /* YellowScreenViewModel.swift in Sources */,
				983EEF9C240560BC009C74AC /* AppDelegate.swift in Sources */,
				983EEFE12405621A009C74AC /* BlueViewController.swift in Sources */,
				983EEFE22405621A009C74AC /* YellowViewControllerProtocol.swift in Sources */,
				983EEFE82405621A009C74AC /* MockAppCoordinator.swift in Sources */,
				983EEFF12405624C009C74AC /* AppLauncher.swift in Sources */,
				983EEFE72405621A009C74AC /* AppCoordinator.swift in Sources */,
				983EEFEA2405621A009C74AC /* VCFactoryProtocol.swift in Sources */,
				983EEF9E240560BC009C74AC /* SceneDelegate.swift in Sources */,
				983EEFEC2405621A009C74AC /* MockVCFactory.swift in Sources */,
				983EEFE32405621A009C74AC /* YellowViewController.swift in Sources */,
				983EEFEB2405621A009C74AC /* VCFactory.swift in Sources */,
			);
			runOnlyForDeploymentPostprocessing = 0;
		};
		983EEFAA240560BF009C74AC /* Sources */ = {
			isa = PBXSourcesBuildPhase;
			buildActionMask = 2147483647;
			files = (
				983EF01624056350009C74AC /* VCFactory.swift in Sources */,
				983EF03124056384009C74AC /* MockVMFactory.swift in Sources */,
				983EF01924056355009C74AC /* MockVCFactory.swift in Sources */,
				983EF037240563AB009C74AC /* AppLauncher.swift in Sources */,
				983EF01024056337009C74AC /* AppCoordinatorProtocol.swift in Sources */,
				983EEFF92405626E009C74AC /* AppCoordinator_Tests.swift in Sources */,
				983EEFF82405626E009C74AC /* VMFactory_Tests.swift in Sources */,
				983EF02224056363009C74AC /* YellowViewController.swift in Sources */,
				983EF00A2405632D009C74AC /* AppCoordinator.swift in Sources */,
				983EF01F2405635F009C74AC /* YellowViewControllerProtocol.swift in Sources */,
				983EF02B2405637A009C74AC /* YellowScreenViewModelProtocol.swift in Sources */,
				983EF03424056389009C74AC /* VMFactory.swift in Sources */,
				983EF02524056367009C74AC /* MockYellowViewController.swift in Sources */,
				983EEFF62405626E009C74AC /* VCFactory_Tests.swift in Sources */,
				983EF01324056349009C74AC /* VCFactoryProtocol.swift in Sources */,
				983EF02824056375009C74AC /* YellowScreenViewModel.swift in Sources */,
				983EF00D24056332009C74AC /* MockAppCoordinator.swift in Sources */,
				983EEFF72405626E009C74AC /* YellowScreenViewModel_Tests.swift in Sources */,
				983EF02E24056380009C74AC /* VMFactoryProtocol.swift in Sources */,
				983EF01C2405635B009C74AC /* BlueViewController.swift in Sources */,
			);
			runOnlyForDeploymentPostprocessing = 0;
		};
		983EEFB5240560BF009C74AC /* Sources */ = {
			isa = PBXSourcesBuildPhase;
			buildActionMask = 2147483647;
			files = (
				983EF00B2405632E009C74AC /* AppCoordinator.swift in Sources */,
				983EF02F24056380009C74AC /* VMFactoryProtocol.swift in Sources */,
				983EF00E24056334009C74AC /* MockAppCoordinator.swift in Sources */,
				983EF038240563AB009C74AC /* AppLauncher.swift in Sources */,
				983EF02924056376009C74AC /* YellowScreenViewModel.swift in Sources */,
				983EF01D2405635B009C74AC /* BlueViewController.swift in Sources */,
				983EF0352405638A009C74AC /* VMFactory.swift in Sources */,
				983EF02624056368009C74AC /* MockYellowViewController.swift in Sources */,
				983EF02C2405637A009C74AC /* YellowScreenViewModelProtocol.swift in Sources */,
				983EF03224056385009C74AC /* MockVMFactory.swift in Sources */,
				983EF01124056339009C74AC /* AppCoordinatorProtocol.swift in Sources */,
				983EF02324056364009C74AC /* YellowViewController.swift in Sources */,
				983EF01724056351009C74AC /* VCFactory.swift in Sources */,
				983EF01A24056356009C74AC /* MockVCFactory.swift in Sources */,
				983EF0202405635F009C74AC /* YellowViewControllerProtocol.swift in Sources */,
				983EEFFB24056297009C74AC /* TDD_CoordinatorsUITests.swift in Sources */,
				983EF01424056349009C74AC /* VCFactoryProtocol.swift in Sources */,
			);
			runOnlyForDeploymentPostprocessing = 0;
		};
		983EEFFC240562E5009C74AC /* Sources */ = {
			isa = PBXSourcesBuildPhase;
			buildActionMask = 2147483647;
			files = (
				983EF00C2405632F009C74AC /* AppCoordinator.swift in Sources */,
				983EF03024056381009C74AC /* VMFactoryProtocol.swift in Sources */,
				983EF00F24056334009C74AC /* MockAppCoordinator.swift in Sources */,
				983EF039240563AC009C74AC /* AppLauncher.swift in Sources */,
				983EF02A24056376009C74AC /* YellowScreenViewModel.swift in Sources */,
				983EF01E2405635C009C74AC /* BlueViewController.swift in Sources */,
				983EF0362405638A009C74AC /* VMFactory.swift in Sources */,
				983EF02724056369009C74AC /* MockYellowViewController.swift in Sources */,
				983EF02D2405637B009C74AC /* YellowScreenViewModelProtocol.swift in Sources */,
				983EF03324056385009C74AC /* MockVMFactory.swift in Sources */,
				983EF0122405633A009C74AC /* AppCoordinatorProtocol.swift in Sources */,
				983EF02424056364009C74AC /* YellowViewController.swift in Sources */,
				983EF01824056351009C74AC /* VCFactory.swift in Sources */,
				983EF01B24056357009C74AC /* MockVCFactory.swift in Sources */,
				983EF02124056360009C74AC /* YellowViewControllerProtocol.swift in Sources */,
				983EF003240562E5009C74AC /* TestingAppDelegateTests.swift in Sources */,
				983EF0152405634A009C74AC /* VCFactoryProtocol.swift in Sources */,
			);
			runOnlyForDeploymentPostprocessing = 0;
		};
/* End PBXSourcesBuildPhase section */

/* Begin PBXTargetDependency section */
		983EEFB0240560BF009C74AC /* PBXTargetDependency */ = {
			isa = PBXTargetDependency;
			target = 983EEF97240560BC009C74AC /* TDD_Coordinators_TestingAppDelegate */;
			targetProxy = 983EEFAF240560BF009C74AC /* PBXContainerItemProxy */;
		};
		983EEFBB240560BF009C74AC /* PBXTargetDependency */ = {
			isa = PBXTargetDependency;
			target = 983EEF97240560BC009C74AC /* TDD_Coordinators_TestingAppDelegate */;
			targetProxy = 983EEFBA240560BF009C74AC /* PBXContainerItemProxy */;
		};
		983EF006240562E5009C74AC /* PBXTargetDependency */ = {
			isa = PBXTargetDependency;
			target = 983EEF97240560BC009C74AC /* TDD_Coordinators_TestingAppDelegate */;
			targetProxy = 983EF005240562E5009C74AC /* PBXContainerItemProxy */;
		};
/* End PBXTargetDependency section */

/* Begin PBXVariantGroup section */
		983EEFA6240560BF009C74AC /* LaunchScreen.storyboard */ = {
			isa = PBXVariantGroup;
			children = (
				983EEFA7240560BF009C74AC /* Base */,
			);
			name = LaunchScreen.storyboard;
			sourceTree = "<group>";
		};
/* End PBXVariantGroup section */

/* Begin XCBuildConfiguration section */
		983EEFC0240560BF009C74AC /* Debug */ = {
			isa = XCBuildConfiguration;
			buildSettings = {
				ALWAYS_SEARCH_USER_PATHS = NO;
				CLANG_ANALYZER_NONNULL = YES;
				CLANG_ANALYZER_NUMBER_OBJECT_CONVERSION = YES_AGGRESSIVE;
				CLANG_CXX_LANGUAGE_STANDARD = "gnu++14";
				CLANG_CXX_LIBRARY = "libc++";
				CLANG_ENABLE_MODULES = YES;
				CLANG_ENABLE_OBJC_ARC = YES;
				CLANG_ENABLE_OBJC_WEAK = YES;
				CLANG_WARN_BLOCK_CAPTURE_AUTORELEASING = YES;
				CLANG_WARN_BOOL_CONVERSION = YES;
				CLANG_WARN_COMMA = YES;
				CLANG_WARN_CONSTANT_CONVERSION = YES;
				CLANG_WARN_DEPRECATED_OBJC_IMPLEMENTATIONS = YES;
				CLANG_WARN_DIRECT_OBJC_ISA_USAGE = YES_ERROR;
				CLANG_WARN_DOCUMENTATION_COMMENTS = YES;
				CLANG_WARN_EMPTY_BODY = YES;
				CLANG_WARN_ENUM_CONVERSION = YES;
				CLANG_WARN_INFINITE_RECURSION = YES;
				CLANG_WARN_INT_CONVERSION = YES;
				CLANG_WARN_NON_LITERAL_NULL_CONVERSION = YES;
				CLANG_WARN_OBJC_IMPLICIT_RETAIN_SELF = YES;
				CLANG_WARN_OBJC_LITERAL_CONVERSION = YES;
				CLANG_WARN_OBJC_ROOT_CLASS = YES_ERROR;
				CLANG_WARN_RANGE_LOOP_ANALYSIS = YES;
				CLANG_WARN_STRICT_PROTOTYPES = YES;
				CLANG_WARN_SUSPICIOUS_MOVE = YES;
				CLANG_WARN_UNGUARDED_AVAILABILITY = YES_AGGRESSIVE;
				CLANG_WARN_UNREACHABLE_CODE = YES;
				CLANG_WARN__DUPLICATE_METHOD_MATCH = YES;
				COPY_PHASE_STRIP = NO;
				DEBUG_INFORMATION_FORMAT = dwarf;
				ENABLE_STRICT_OBJC_MSGSEND = YES;
				ENABLE_TESTABILITY = YES;
				GCC_C_LANGUAGE_STANDARD = gnu11;
				GCC_DYNAMIC_NO_PIC = NO;
				GCC_NO_COMMON_BLOCKS = YES;
				GCC_OPTIMIZATION_LEVEL = 0;
				GCC_PREPROCESSOR_DEFINITIONS = (
					"DEBUG=1",
					"$(inherited)",
				);
				GCC_WARN_64_TO_32_BIT_CONVERSION = YES;
				GCC_WARN_ABOUT_RETURN_TYPE = YES_ERROR;
				GCC_WARN_UNDECLARED_SELECTOR = YES;
				GCC_WARN_UNINITIALIZED_AUTOS = YES_AGGRESSIVE;
				GCC_WARN_UNUSED_FUNCTION = YES;
				GCC_WARN_UNUSED_VARIABLE = YES;
				IPHONEOS_DEPLOYMENT_TARGET = 13.2;
				MTL_ENABLE_DEBUG_INFO = INCLUDE_SOURCE;
				MTL_FAST_MATH = YES;
				ONLY_ACTIVE_ARCH = YES;
				SDKROOT = iphoneos;
				SWIFT_ACTIVE_COMPILATION_CONDITIONS = DEBUG;
				SWIFT_OPTIMIZATION_LEVEL = "-Onone";
			};
			name = Debug;
		};
		983EEFC1240560BF009C74AC /* Release */ = {
			isa = XCBuildConfiguration;
			buildSettings = {
				ALWAYS_SEARCH_USER_PATHS = NO;
				CLANG_ANALYZER_NONNULL = YES;
				CLANG_ANALYZER_NUMBER_OBJECT_CONVERSION = YES_AGGRESSIVE;
				CLANG_CXX_LANGUAGE_STANDARD = "gnu++14";
				CLANG_CXX_LIBRARY = "libc++";
				CLANG_ENABLE_MODULES = YES;
				CLANG_ENABLE_OBJC_ARC = YES;
				CLANG_ENABLE_OBJC_WEAK = YES;
				CLANG_WARN_BLOCK_CAPTURE_AUTORELEASING = YES;
				CLANG_WARN_BOOL_CONVERSION = YES;
				CLANG_WARN_COMMA = YES;
				CLANG_WARN_CONSTANT_CONVERSION = YES;
				CLANG_WARN_DEPRECATED_OBJC_IMPLEMENTATIONS = YES;
				CLANG_WARN_DIRECT_OBJC_ISA_USAGE = YES_ERROR;
				CLANG_WARN_DOCUMENTATION_COMMENTS = YES;
				CLANG_WARN_EMPTY_BODY = YES;
				CLANG_WARN_ENUM_CONVERSION = YES;
				CLANG_WARN_INFINITE_RECURSION = YES;
				CLANG_WARN_INT_CONVERSION = YES;
				CLANG_WARN_NON_LITERAL_NULL_CONVERSION = YES;
				CLANG_WARN_OBJC_IMPLICIT_RETAIN_SELF = YES;
				CLANG_WARN_OBJC_LITERAL_CONVERSION = YES;
				CLANG_WARN_OBJC_ROOT_CLASS = YES_ERROR;
				CLANG_WARN_RANGE_LOOP_ANALYSIS = YES;
				CLANG_WARN_STRICT_PROTOTYPES = YES;
				CLANG_WARN_SUSPICIOUS_MOVE = YES;
				CLANG_WARN_UNGUARDED_AVAILABILITY = YES_AGGRESSIVE;
				CLANG_WARN_UNREACHABLE_CODE = YES;
				CLANG_WARN__DUPLICATE_METHOD_MATCH = YES;
				COPY_PHASE_STRIP = NO;
				DEBUG_INFORMATION_FORMAT = "dwarf-with-dsym";
				ENABLE_NS_ASSERTIONS = NO;
				ENABLE_STRICT_OBJC_MSGSEND = YES;
				GCC_C_LANGUAGE_STANDARD = gnu11;
				GCC_NO_COMMON_BLOCKS = YES;
				GCC_WARN_64_TO_32_BIT_CONVERSION = YES;
				GCC_WARN_ABOUT_RETURN_TYPE = YES_ERROR;
				GCC_WARN_UNDECLARED_SELECTOR = YES;
				GCC_WARN_UNINITIALIZED_AUTOS = YES_AGGRESSIVE;
				GCC_WARN_UNUSED_FUNCTION = YES;
				GCC_WARN_UNUSED_VARIABLE = YES;
				IPHONEOS_DEPLOYMENT_TARGET = 13.2;
				MTL_ENABLE_DEBUG_INFO = NO;
				MTL_FAST_MATH = YES;
				SDKROOT = iphoneos;
				SWIFT_COMPILATION_MODE = wholemodule;
				SWIFT_OPTIMIZATION_LEVEL = "-O";
				VALIDATE_PRODUCT = YES;
			};
			name = Release;
		};
		983EEFC3240560BF009C74AC /* Debug */ = {
			isa = XCBuildConfiguration;
			buildSettings = {
				ASSETCATALOG_COMPILER_APPICON_NAME = AppIcon;
				CODE_SIGN_STYLE = Automatic;
				DEVELOPMENT_TEAM = Y983APTU2S;
				INFOPLIST_FILE = TDD_Coordinators_TestingAppDelegate/Info.plist;
				LD_RUNPATH_SEARCH_PATHS = (
					"$(inherited)",
					"@executable_path/Frameworks",
				);
				PRODUCT_BUNDLE_IDENTIFIER = "uk.co.bbc.emma.walker02.TDD-Coordinators-TestingAppDelegate";
				PRODUCT_NAME = "$(TARGET_NAME)";
				SWIFT_VERSION = 5.0;
				TARGETED_DEVICE_FAMILY = "1,2";
			};
			name = Debug;
		};
		983EEFC4240560BF009C74AC /* Release */ = {
			isa = XCBuildConfiguration;
			buildSettings = {
				ASSETCATALOG_COMPILER_APPICON_NAME = AppIcon;
				CODE_SIGN_STYLE = Automatic;
				DEVELOPMENT_TEAM = Y983APTU2S;
				INFOPLIST_FILE = TDD_Coordinators_TestingAppDelegate/Info.plist;
				LD_RUNPATH_SEARCH_PATHS = (
					"$(inherited)",
					"@executable_path/Frameworks",
				);
				PRODUCT_BUNDLE_IDENTIFIER = "uk.co.bbc.emma.walker02.TDD-Coordinators-TestingAppDelegate";
				PRODUCT_NAME = "$(TARGET_NAME)";
				SWIFT_VERSION = 5.0;
				TARGETED_DEVICE_FAMILY = "1,2";
			};
			name = Release;
		};
		983EEFC6240560BF009C74AC /* Debug */ = {
			isa = XCBuildConfiguration;
			buildSettings = {
				ALWAYS_EMBED_SWIFT_STANDARD_LIBRARIES = YES;
				BUNDLE_LOADER = "$(TEST_HOST)";
				CODE_SIGN_STYLE = Automatic;
				DEVELOPMENT_TEAM = Y983APTU2S;
				INFOPLIST_FILE = TDD_Coordinators_TestingAppDelegateTests/Info.plist;
				IPHONEOS_DEPLOYMENT_TARGET = 13.2;
				LD_RUNPATH_SEARCH_PATHS = (
					"$(inherited)",
					"@executable_path/Frameworks",
					"@loader_path/Frameworks",
				);
				PRODUCT_BUNDLE_IDENTIFIER = "uk.co.bbc.emma.walker02.TDD-Coordinators-TestingAppDelegateTests";
				PRODUCT_NAME = "$(TARGET_NAME)";
				SWIFT_VERSION = 5.0;
				TARGETED_DEVICE_FAMILY = "1,2";
				TEST_HOST = "$(BUILT_PRODUCTS_DIR)/TDD_Coordinators_TestingAppDelegate.app/TDD_Coordinators_TestingAppDelegate";
			};
			name = Debug;
		};
		983EEFC7240560BF009C74AC /* Release */ = {
			isa = XCBuildConfiguration;
			buildSettings = {
				ALWAYS_EMBED_SWIFT_STANDARD_LIBRARIES = YES;
				BUNDLE_LOADER = "$(TEST_HOST)";
				CODE_SIGN_STYLE = Automatic;
				DEVELOPMENT_TEAM = Y983APTU2S;
				INFOPLIST_FILE = TDD_Coordinators_TestingAppDelegateTests/Info.plist;
				IPHONEOS_DEPLOYMENT_TARGET = 13.2;
				LD_RUNPATH_SEARCH_PATHS = (
					"$(inherited)",
					"@executable_path/Frameworks",
					"@loader_path/Frameworks",
				);
				PRODUCT_BUNDLE_IDENTIFIER = "uk.co.bbc.emma.walker02.TDD-Coordinators-TestingAppDelegateTests";
				PRODUCT_NAME = "$(TARGET_NAME)";
				SWIFT_VERSION = 5.0;
				TARGETED_DEVICE_FAMILY = "1,2";
				TEST_HOST = "$(BUILT_PRODUCTS_DIR)/TDD_Coordinators_TestingAppDelegate.app/TDD_Coordinators_TestingAppDelegate";
			};
			name = Release;
		};
		983EEFC9240560BF009C74AC /* Debug */ = {
			isa = XCBuildConfiguration;
			buildSettings = {
				ALWAYS_EMBED_SWIFT_STANDARD_LIBRARIES = YES;
				CODE_SIGN_STYLE = Automatic;
				DEVELOPMENT_TEAM = Y983APTU2S;
				INFOPLIST_FILE = TDD_Coordinators_TestingAppDelegateUITests/Info.plist;
				LD_RUNPATH_SEARCH_PATHS = (
					"$(inherited)",
					"@executable_path/Frameworks",
					"@loader_path/Frameworks",
				);
				PRODUCT_BUNDLE_IDENTIFIER = "uk.co.bbc.emma.walker02.TDD-Coordinators-TestingAppDelegateUITests";
				PRODUCT_NAME = "$(TARGET_NAME)";
				SWIFT_VERSION = 5.0;
				TARGETED_DEVICE_FAMILY = "1,2";
				TEST_TARGET_NAME = TDD_Coordinators_TestingAppDelegate;
			};
			name = Debug;
		};
		983EEFCA240560BF009C74AC /* Release */ = {
			isa = XCBuildConfiguration;
			buildSettings = {
				ALWAYS_EMBED_SWIFT_STANDARD_LIBRARIES = YES;
				CODE_SIGN_STYLE = Automatic;
				DEVELOPMENT_TEAM = Y983APTU2S;
				INFOPLIST_FILE = TDD_Coordinators_TestingAppDelegateUITests/Info.plist;
				LD_RUNPATH_SEARCH_PATHS = (
					"$(inherited)",
					"@executable_path/Frameworks",
					"@loader_path/Frameworks",
				);
				PRODUCT_BUNDLE_IDENTIFIER = "uk.co.bbc.emma.walker02.TDD-Coordinators-TestingAppDelegateUITests";
				PRODUCT_NAME = "$(TARGET_NAME)";
				SWIFT_VERSION = 5.0;
				TARGETED_DEVICE_FAMILY = "1,2";
				TEST_TARGET_NAME = TDD_Coordinators_TestingAppDelegate;
			};
			name = Release;
		};
		983EF008240562E5009C74AC /* Debug */ = {
			isa = XCBuildConfiguration;
			buildSettings = {
				BUNDLE_LOADER = "$(TEST_HOST)";
				CODE_SIGN_STYLE = Automatic;
				DEVELOPMENT_TEAM = Y983APTU2S;
				INFOPLIST_FILE = TestingAppDelegateTests/Info.plist;
				LD_RUNPATH_SEARCH_PATHS = (
					"$(inherited)",
					"@executable_path/Frameworks",
					"@loader_path/Frameworks",
				);
				PRODUCT_BUNDLE_IDENTIFIER = uk.co.bbc.emma.walker02.TestingAppDelegateTests;
				PRODUCT_NAME = "$(TARGET_NAME)";
				SWIFT_VERSION = 5.0;
				TARGETED_DEVICE_FAMILY = "1,2";
				TEST_HOST = "$(BUILT_PRODUCTS_DIR)/TDD_Coordinators_TestingAppDelegate.app/TDD_Coordinators_TestingAppDelegate";
			};
			name = Debug;
		};
		983EF009240562E5009C74AC /* Release */ = {
			isa = XCBuildConfiguration;
			buildSettings = {
				BUNDLE_LOADER = "$(TEST_HOST)";
				CODE_SIGN_STYLE = Automatic;
				DEVELOPMENT_TEAM = Y983APTU2S;
				INFOPLIST_FILE = TestingAppDelegateTests/Info.plist;
				LD_RUNPATH_SEARCH_PATHS = (
					"$(inherited)",
					"@executable_path/Frameworks",
					"@loader_path/Frameworks",
				);
				PRODUCT_BUNDLE_IDENTIFIER = uk.co.bbc.emma.walker02.TestingAppDelegateTests;
				PRODUCT_NAME = "$(TARGET_NAME)";
				SWIFT_VERSION = 5.0;
				TARGETED_DEVICE_FAMILY = "1,2";
				TEST_HOST = "$(BUILT_PRODUCTS_DIR)/TDD_Coordinators_TestingAppDelegate.app/TDD_Coordinators_TestingAppDelegate";
			};
			name = Release;
		};
/* End XCBuildConfiguration section */

/* Begin XCConfigurationList section */
		983EEF93240560BC009C74AC /* Build configuration list for PBXProject "TDD_Coordinators_TestingAppDelegate" */ = {
			isa = XCConfigurationList;
			buildConfigurations = (
				983EEFC0240560BF009C74AC /* Debug */,
				983EEFC1240560BF009C74AC /* Release */,
			);
			defaultConfigurationIsVisible = 0;
			defaultConfigurationName = Release;
		};
		983EEFC2240560BF009C74AC /* Build configuration list for PBXNativeTarget "TDD_Coordinators_TestingAppDelegate" */ = {
			isa = XCConfigurationList;
			buildConfigurations = (
				983EEFC3240560BF009C74AC /* Debug */,
				983EEFC4240560BF009C74AC /* Release */,
			);
			defaultConfigurationIsVisible = 0;
			defaultConfigurationName = Release;
		};
		983EEFC5240560BF009C74AC /* Build configuration list for PBXNativeTarget "TDD_Coordinators_TestingAppDelegateTests" */ = {
			isa = XCConfigurationList;
			buildConfigurations = (
				983EEFC6240560BF009C74AC /* Debug */,
				983EEFC7240560BF009C74AC /* Release */,
			);
			defaultConfigurationIsVisible = 0;
			defaultConfigurationName = Release;
		};
		983EEFC8240560BF009C74AC /* Build configuration list for PBXNativeTarget "TDD_Coordinators_TestingAppDelegateUITests" */ = {
			isa = XCConfigurationList;
			buildConfigurations = (
				983EEFC9240560BF009C74AC /* Debug */,
				983EEFCA240560BF009C74AC /* Release */,
			);
			defaultConfigurationIsVisible = 0;
			defaultConfigurationName = Release;
		};
		983EF007240562E5009C74AC /* Build configuration list for PBXNativeTarget "TestingAppDelegateTests" */ = {
			isa = XCConfigurationList;
			buildConfigurations = (
				983EF008240562E5009C74AC /* Debug */,
				983EF009240562E5009C74AC /* Release */,
			);
			defaultConfigurationIsVisible = 0;
			defaultConfigurationName = Release;
		};
/* End XCConfigurationList section */
	};
	rootObject = 983EEF90240560BC009C74AC /* Project object */;
}
